
Microsoft Visual Studio Solution File, Format Version 12.00
# Visual Studio Version 17
VisualStudioVersion = 17.5.33424.131
MinimumVisualStudioVersion = 10.0.40219.1
Project("{FAE04EC0-301F-11D3-BF4B-00C04F79EFBC}") = "QuizArrays.Logic", "QuizArrays.Logic\QuizArrays.Logic.csproj", "{A1CBE9B8-FD29-44B2-81AE-AEA471C7C75C}"
EndProject
Project("{FAE04EC0-301F-11D3-BF4B-00C04F79EFBC}") = "QuizArrays.UI", "QuizArrays.UI\QuizArrays.UI.csproj", "{6210F14C-2FDA-4893-A1D2-32552E939431}"
EndProject
Global
	GlobalSection(SolutionConfigurationPlatforms) = preSolution
		Debug|Any CPU = Debug|Any CPU
		Release|Any CPU = Release|Any CPU
	EndGlobalSection
	GlobalSection(ProjectConfigurationPlatforms) = postSolution
		{A1CBE9B8-FD29-44B2-81AE-AEA471C7C75C}.Debug|Any CPU.ActiveCfg = Debug|Any CPU
		{A1CBE9B8-FD29-44B2-81AE-AEA471C7C75C}.Debug|Any CPU.Build.0 = Debug|Any CPU
		{A1CBE9B8-FD29-44B2-81AE-AEA471C7C75C}.Release|Any CPU.ActiveCfg = Release|Any CPU
		{A1CBE9B8-FD29-44B2-81AE-AEA471C7C75C}.Release|Any CPU.Build.0 = Release|Any CPU
		{6210F14C-2FDA-4893-A1D2-32552E939431}.Debug|Any CPU.ActiveCfg = Debug|Any CPU
		{6210F14C-2FDA-4893-A1D2-32552E939431}.Debug|Any CPU.Build.0 = Debug|Any CPU
		{6210F14C-2FDA-4893-A1D2-32552E939431}.Release|Any CPU.ActiveCfg = Release|Any CPU
		{6210F14C-2FDA-4893-A1D2-32552E939431}.Release|Any CPU.Build.0 = Release|Any CPU
	EndGlobalSection
	GlobalSection(SolutionProperties) = preSolution
		HideSolutionNode = FALSE
	EndGlobalSection
	GlobalSection(ExtensibilityGlobals) = postSolution
		SolutionGuid = {63369E70-FCB3-483B-AD93-C5FFD3B88E8B}
	EndGlobalSection
EndGlobal
